// !$*UTF8*$!
{
	archiveVersion = 1;
	classes = {
	};
	objectVersion = 56;
	objects = {

/* Begin PBXBuildFile section */
		0929B7CA2ABC49FF00D5CFB4 /* AppDelegate.swift in Sources */ = {isa = PBXBuildFile; fileRef = 0929B7C92ABC49FF00D5CFB4 /* AppDelegate.swift */; };
		0929B7CC2ABC49FF00D5CFB4 /* SceneDelegate.swift in Sources */ = {isa = PBXBuildFile; fileRef = 0929B7CB2ABC49FF00D5CFB4 /* SceneDelegate.swift */; };
		0929B7D12ABC49FF00D5CFB4 /* Main.storyboard in Resources */ = {isa = PBXBuildFile; fileRef = 0929B7CF2ABC49FF00D5CFB4 /* Main.storyboard */; };
		0929B7D32ABC4A0000D5CFB4 /* Assets.xcassets in Resources */ = {isa = PBXBuildFile; fileRef = 0929B7D22ABC4A0000D5CFB4 /* Assets.xcassets */; };
		0929B7D62ABC4A0000D5CFB4 /* LaunchScreen.storyboard in Resources */ = {isa = PBXBuildFile; fileRef = 0929B7D42ABC4A0000D5CFB4 /* LaunchScreen.storyboard */; };
		0929B7DE2ABC571500D5CFB4 /* RandomQuoteLoaderViewController.swift in Sources */ = {isa = PBXBuildFile; fileRef = 0929B7DD2ABC571500D5CFB4 /* RandomQuoteLoaderViewController.swift */; };
		0929B7E02ABC57FD00D5CFB4 /* QuoteListViewController.swift in Sources */ = {isa = PBXBuildFile; fileRef = 0929B7DF2ABC57FD00D5CFB4 /* QuoteListViewController.swift */; };
		0929B7E22ABC582100D5CFB4 /* CategoryListViewController.swift in Sources */ = {isa = PBXBuildFile; fileRef = 0929B7E12ABC582100D5CFB4 /* CategoryListViewController.swift */; };
		0929B7E92ABC66B300D5CFB4 /* QuotesListCellTableViewCell.swift in Sources */ = {isa = PBXBuildFile; fileRef = 0929B7E82ABC66B300D5CFB4 /* QuotesListCellTableViewCell.swift */; };
		0929B7ED2ABC7FB000D5CFB4 /* Qoute.swift in Sources */ = {isa = PBXBuildFile; fileRef = 0929B7EC2ABC7FB000D5CFB4 /* Qoute.swift */; };
		0929B7EF2ABC89A600D5CFB4 /* Category.swift in Sources */ = {isa = PBXBuildFile; fileRef = 0929B7EE2ABC89A600D5CFB4 /* Category.swift */; };
		0929B7F32ABC9DBC00D5CFB4 /* RealmService.swift in Sources */ = {isa = PBXBuildFile; fileRef = 0929B7F22ABC9DBC00D5CFB4 /* RealmService.swift */; };
		0929B7F72ABCA00600D5CFB4 /* RealManager.swift in Sources */ = {isa = PBXBuildFile; fileRef = 0929B7F62ABCA00600D5CFB4 /* RealManager.swift */; };
		0929B7F92ABCA01700D5CFB4 /* QuoteInteractor.swift in Sources */ = {isa = PBXBuildFile; fileRef = 0929B7F82ABCA01700D5CFB4 /* QuoteInteractor.swift */; };
		0929B7FB2ABCA02600D5CFB4 /* CategoryInteractor.swift in Sources */ = {isa = PBXBuildFile; fileRef = 0929B7FA2ABCA02600D5CFB4 /* CategoryInteractor.swift */; };
		0929B8002ABCA33400D5CFB4 /* FetchDataError.swift in Sources */ = {isa = PBXBuildFile; fileRef = 0929B7FF2ABCA33400D5CFB4 /* FetchDataError.swift */; };
		0929B8022ABCA36B00D5CFB4 /* DataService.swift in Sources */ = {isa = PBXBuildFile; fileRef = 0929B8012ABCA36B00D5CFB4 /* DataService.swift */; };
/* End PBXBuildFile section */

/* Begin PBXFileReference section */
		0929B7C62ABC49FF00D5CFB4 /* Quotes.app */ = {isa = PBXFileReference; explicitFileType = wrapper.application; includeInIndex = 0; path = Quotes.app; sourceTree = BUILT_PRODUCTS_DIR; };
		0929B7C92ABC49FF00D5CFB4 /* AppDelegate.swift */ = {isa = PBXFileReference; lastKnownFileType = sourcecode.swift; path = AppDelegate.swift; sourceTree = "<group>"; };
		0929B7CB2ABC49FF00D5CFB4 /* SceneDelegate.swift */ = {isa = PBXFileReference; lastKnownFileType = sourcecode.swift; path = SceneDelegate.swift; sourceTree = "<group>"; };
		0929B7D02ABC49FF00D5CFB4 /* Base */ = {isa = PBXFileReference; lastKnownFileType = file.storyboard; name = Base; path = Base.lproj/Main.storyboard; sourceTree = "<group>"; };
		0929B7D22ABC4A0000D5CFB4 /* Assets.xcassets */ = {isa = PBXFileReference; lastKnownFileType = folder.assetcatalog; path = Assets.xcassets; sourceTree = "<group>"; };
		0929B7D52ABC4A0000D5CFB4 /* Base */ = {isa = PBXFileReference; lastKnownFileType = file.storyboard; name = Base; path = Base.lproj/LaunchScreen.storyboard; sourceTree = "<group>"; };
		0929B7D72ABC4A0000D5CFB4 /* Info.plist */ = {isa = PBXFileReference; lastKnownFileType = text.plist.xml; path = Info.plist; sourceTree = "<group>"; };
		0929B7DD2ABC571500D5CFB4 /* RandomQuoteLoaderViewController.swift */ = {isa = PBXFileReference; lastKnownFileType = sourcecode.swift; path = RandomQuoteLoaderViewController.swift; sourceTree = "<group>"; };
		0929B7DF2ABC57FD00D5CFB4 /* QuoteListViewController.swift */ = {isa = PBXFileReference; lastKnownFileType = sourcecode.swift; path = QuoteListViewController.swift; sourceTree = "<group>"; };
		0929B7E12ABC582100D5CFB4 /* CategoryListViewController.swift */ = {isa = PBXFileReference; lastKnownFileType = sourcecode.swift; path = CategoryListViewController.swift; sourceTree = "<group>"; };
		0929B7E82ABC66B300D5CFB4 /* QuotesListCellTableViewCell.swift */ = {isa = PBXFileReference; lastKnownFileType = sourcecode.swift; path = QuotesListCellTableViewCell.swift; sourceTree = "<group>"; };
		0929B7EC2ABC7FB000D5CFB4 /* Qoute.swift */ = {isa = PBXFileReference; lastKnownFileType = sourcecode.swift; path = Qoute.swift; sourceTree = "<group>"; };
		0929B7EE2ABC89A600D5CFB4 /* Category.swift */ = {isa = PBXFileReference; lastKnownFileType = sourcecode.swift; path = Category.swift; sourceTree = "<group>"; };
		0929B7F22ABC9DBC00D5CFB4 /* RealmService.swift */ = {isa = PBXFileReference; lastKnownFileType = sourcecode.swift; path = RealmService.swift; sourceTree = "<group>"; };
		0929B7F62ABCA00600D5CFB4 /* RealManager.swift */ = {isa = PBXFileReference; lastKnownFileType = sourcecode.swift; path = RealManager.swift; sourceTree = "<group>"; };
		0929B7F82ABCA01700D5CFB4 /* QuoteInteractor.swift */ = {isa = PBXFileReference; lastKnownFileType = sourcecode.swift; path = QuoteInteractor.swift; sourceTree = "<group>"; };
		0929B7FA2ABCA02600D5CFB4 /* CategoryInteractor.swift */ = {isa = PBXFileReference; lastKnownFileType = sourcecode.swift; path = CategoryInteractor.swift; sourceTree = "<group>"; };
		0929B7FF2ABCA33400D5CFB4 /* FetchDataError.swift */ = {isa = PBXFileReference; lastKnownFileType = sourcecode.swift; path = FetchDataError.swift; sourceTree = "<group>"; };
		0929B8012ABCA36B00D5CFB4 /* DataService.swift */ = {isa = PBXFileReference; lastKnownFileType = sourcecode.swift; path = DataService.swift; sourceTree = "<group>"; };
/* End PBXFileReference section */

/* Begin PBXFrameworksBuildPhase section */
		0929B7C32ABC49FF00D5CFB4 /* Frameworks */ = {
			isa = PBXFrameworksBuildPhase;
			buildActionMask = 2147483647;
			files = (
			);
			runOnlyForDeploymentPostprocessing = 0;
		};
/* End PBXFrameworksBuildPhase section */

/* Begin PBXGroup section */
		0929B7BD2ABC49FF00D5CFB4 = {
			isa = PBXGroup;
			children = (
				0929B7C82ABC49FF00D5CFB4 /* Quotes */,
				0929B7C72ABC49FF00D5CFB4 /* Products */,
			);
			sourceTree = "<group>";
		};
		0929B7C72ABC49FF00D5CFB4 /* Products */ = {
			isa = PBXGroup;
			children = (
				0929B7C62ABC49FF00D5CFB4 /* Quotes.app */,
			);
			name = Products;
			sourceTree = "<group>";
		};
		0929B7C82ABC49FF00D5CFB4 /* Quotes */ = {
			isa = PBXGroup;
			children = (
				0929B7E62ABC5BAB00D5CFB4 /* App Layer */,
				0929B7E32ABC591800D5CFB4 /* Presentation Layer */,
				0929B7E42ABC5ADA00D5CFB4 /* Business Logic Layer */,
				0929B7E52ABC5AF700D5CFB4 /* Resources */,
			);
			path = Quotes;
			sourceTree = "<group>";
		};
		0929B7E32ABC591800D5CFB4 /* Presentation Layer */ = {
			isa = PBXGroup;
			children = (
				0929B7F12ABC9D1400D5CFB4 /* Models */,
				0929B7F02ABC9CFB00D5CFB4 /* ViewControllers */,
				0929B7CF2ABC49FF00D5CFB4 /* Main.storyboard */,
			);
			path = "Presentation Layer";
			sourceTree = "<group>";
		};
		0929B7E42ABC5ADA00D5CFB4 /* Business Logic Layer */ = {
			isa = PBXGroup;
			children = (
				0929B7FE2ABCA0A000D5CFB4 /* Interactors */,
				0929B7FD2ABCA08F00D5CFB4 /* Realm */,
				0929B7FC2ABCA08300D5CFB4 /* NetworkService */,
			);
			path = "Business Logic Layer";
			sourceTree = "<group>";
		};
		0929B7E52ABC5AF700D5CFB4 /* Resources */ = {
			isa = PBXGroup;
			children = (
				0929B7D22ABC4A0000D5CFB4 /* Assets.xcassets */,
				0929B7D42ABC4A0000D5CFB4 /* LaunchScreen.storyboard */,
				0929B7D72ABC4A0000D5CFB4 /* Info.plist */,
			);
			path = Resources;
			sourceTree = "<group>";
		};
		0929B7E62ABC5BAB00D5CFB4 /* App Layer */ = {
			isa = PBXGroup;
			children = (
				0929B7C92ABC49FF00D5CFB4 /* AppDelegate.swift */,
				0929B7CB2ABC49FF00D5CFB4 /* SceneDelegate.swift */,
			);
			path = "App Layer";
			sourceTree = "<group>";
		};
		0929B7F02ABC9CFB00D5CFB4 /* ViewControllers */ = {
			isa = PBXGroup;
			children = (
				0929B7DD2ABC571500D5CFB4 /* RandomQuoteLoaderViewController.swift */,
				0929B7DF2ABC57FD00D5CFB4 /* QuoteListViewController.swift */,
				0929B7E82ABC66B300D5CFB4 /* QuotesListCellTableViewCell.swift */,
				0929B7E12ABC582100D5CFB4 /* CategoryListViewController.swift */,
			);
			path = ViewControllers;
			sourceTree = "<group>";
		};
		0929B7F12ABC9D1400D5CFB4 /* Models */ = {
			isa = PBXGroup;
			children = (
				0929B7EC2ABC7FB000D5CFB4 /* Qoute.swift */,
				0929B7EE2ABC89A600D5CFB4 /* Category.swift */,
			);
			path = Models;
			sourceTree = "<group>";
		};
		0929B7FC2ABCA08300D5CFB4 /* NetworkService */ = {
			isa = PBXGroup;
			children = (
				0929B7FF2ABCA33400D5CFB4 /* FetchDataError.swift */,
				0929B8012ABCA36B00D5CFB4 /* DataService.swift */,
			);
			path = NetworkService;
			sourceTree = "<group>";
		};
		0929B7FD2ABCA08F00D5CFB4 /* Realm */ = {
			isa = PBXGroup;
			children = (
				0929B7F22ABC9DBC00D5CFB4 /* RealmService.swift */,
				0929B7F62ABCA00600D5CFB4 /* RealManager.swift */,
			);
			path = Realm;
			sourceTree = "<group>";
		};
		0929B7FE2ABCA0A000D5CFB4 /* Interactors */ = {
			isa = PBXGroup;
			children = (
				0929B7F82ABCA01700D5CFB4 /* QuoteInteractor.swift */,
				0929B7FA2ABCA02600D5CFB4 /* CategoryInteractor.swift */,
			);
			path = Interactors;
			sourceTree = "<group>";
		};
/* End PBXGroup section */

/* Begin PBXNativeTarget section */
		0929B7C52ABC49FF00D5CFB4 /* Quotes */ = {
			isa = PBXNativeTarget;
			buildConfigurationList = 0929B7DA2ABC4A0000D5CFB4 /* Build configuration list for PBXNativeTarget "Quotes" */;
			buildPhases = (
				0929B7C22ABC49FF00D5CFB4 /* Sources */,
				0929B7C32ABC49FF00D5CFB4 /* Frameworks */,
				0929B7C42ABC49FF00D5CFB4 /* Resources */,
			);
			buildRules = (
			);
			dependencies = (
			);
			name = Quotes;
			productName = Quotes;
			productReference = 0929B7C62ABC49FF00D5CFB4 /* Quotes.app */;
			productType = "com.apple.product-type.application";
		};
/* End PBXNativeTarget section */

/* Begin PBXProject section */
		0929B7BE2ABC49FF00D5CFB4 /* Project object */ = {
			isa = PBXProject;
			attributes = {
				BuildIndependentTargetsInParallel = 1;
				LastSwiftUpdateCheck = 1430;
				LastUpgradeCheck = 1430;
				TargetAttributes = {
					0929B7C52ABC49FF00D5CFB4 = {
						CreatedOnToolsVersion = 14.3.1;
					};
				};
			};
			buildConfigurationList = 0929B7C12ABC49FF00D5CFB4 /* Build configuration list for PBXProject "Quotes" */;
			compatibilityVersion = "Xcode 14.0";
			developmentRegion = en;
			hasScannedForEncodings = 0;
			knownRegions = (
				en,
				Base,
			);
			mainGroup = 0929B7BD2ABC49FF00D5CFB4;
			productRefGroup = 0929B7C72ABC49FF00D5CFB4 /* Products */;
			projectDirPath = "";
			projectRoot = "";
			targets = (
				0929B7C52ABC49FF00D5CFB4 /* Quotes */,
			);
		};
/* End PBXProject section */

/* Begin PBXResourcesBuildPhase section */
		0929B7C42ABC49FF00D5CFB4 /* Resources */ = {
			isa = PBXResourcesBuildPhase;
			buildActionMask = 2147483647;
			files = (
				0929B7D62ABC4A0000D5CFB4 /* LaunchScreen.storyboard in Resources */,
				0929B7D32ABC4A0000D5CFB4 /* Assets.xcassets in Resources */,
				0929B7D12ABC49FF00D5CFB4 /* Main.storyboard in Resources */,
			);
			runOnlyForDeploymentPostprocessing = 0;
		};
/* End PBXResourcesBuildPhase section */

/* Begin PBXSourcesBuildPhase section */
		0929B7C22ABC49FF00D5CFB4 /* Sources */ = {
			isa = PBXSourcesBuildPhase;
			buildActionMask = 2147483647;
			files = (
				0929B7ED2ABC7FB000D5CFB4 /* Qoute.swift in Sources */,
				0929B7CA2ABC49FF00D5CFB4 /* AppDelegate.swift in Sources */,
				0929B7E22ABC582100D5CFB4 /* CategoryListViewController.swift in Sources */,
				0929B7E92ABC66B300D5CFB4 /* QuotesListCellTableViewCell.swift in Sources */,
				0929B8002ABCA33400D5CFB4 /* FetchDataError.swift in Sources */,
				0929B7F92ABCA01700D5CFB4 /* QuoteInteractor.swift in Sources */,
				0929B7F32ABC9DBC00D5CFB4 /* RealmService.swift in Sources */,
				0929B7E02ABC57FD00D5CFB4 /* QuoteListViewController.swift in Sources */,
				0929B8022ABCA36B00D5CFB4 /* DataService.swift in Sources */,
				0929B7DE2ABC571500D5CFB4 /* RandomQuoteLoaderViewController.swift in Sources */,
				0929B7CC2ABC49FF00D5CFB4 /* SceneDelegate.swift in Sources */,
				0929B7FB2ABCA02600D5CFB4 /* CategoryInteractor.swift in Sources */,
				0929B7EF2ABC89A600D5CFB4 /* Category.swift in Sources */,
				0929B7F72ABCA00600D5CFB4 /* RealManager.swift in Sources */,
			);
			runOnlyForDeploymentPostprocessing = 0;
		};
/* End PBXSourcesBuildPhase section */

/* Begin PBXVariantGroup section */
		0929B7CF2ABC49FF00D5CFB4 /* Main.storyboard */ = {
			isa = PBXVariantGroup;
			children = (
				0929B7D02ABC49FF00D5CFB4 /* Base */,
			);
			name = Main.storyboard;
			sourceTree = "<group>";
		};
		0929B7D42ABC4A0000D5CFB4 /* LaunchScreen.storyboard */ = {
			isa = PBXVariantGroup;
			children = (
				0929B7D52ABC4A0000D5CFB4 /* Base */,
			);
			name = LaunchScreen.storyboard;
			sourceTree = "<group>";
		};
/* End PBXVariantGroup section */

/* Begin XCBuildConfiguration section */
		0929B7D82ABC4A0000D5CFB4 /* Debug */ = {
			isa = XCBuildConfiguration;
			buildSettings = {
				ALWAYS_SEARCH_USER_PATHS = NO;
				CLANG_ANALYZER_NONNULL = YES;
				CLANG_ANALYZER_NUMBER_OBJECT_CONVERSION = YES_AGGRESSIVE;
				CLANG_CXX_LANGUAGE_STANDARD = "gnu++20";
				CLANG_ENABLE_MODULES = YES;
				CLANG_ENABLE_OBJC_ARC = YES;
				CLANG_ENABLE_OBJC_WEAK = YES;
				CLANG_WARN_BLOCK_CAPTURE_AUTORELEASING = YES;
				CLANG_WARN_BOOL_CONVERSION = YES;
				CLANG_WARN_COMMA = YES;
				CLANG_WARN_CONSTANT_CONVERSION = YES;
				CLANG_WARN_DEPRECATED_OBJC_IMPLEMENTATIONS = YES;
				CLANG_WARN_DIRECT_OBJC_ISA_USAGE = YES_ERROR;
				CLANG_WARN_DOCUMENTATION_COMMENTS = YES;
				CLANG_WARN_EMPTY_BODY = YES;
				CLANG_WARN_ENUM_CONVERSION = YES;
				CLANG_WARN_INFINITE_RECURSION = YES;
				CLANG_WARN_INT_CONVERSION = YES;
				CLANG_WARN_NON_LITERAL_NULL_CONVERSION = YES;
				CLANG_WARN_OBJC_IMPLICIT_RETAIN_SELF = YES;
				CLANG_WARN_OBJC_LITERAL_CONVERSION = YES;
				CLANG_WARN_OBJC_ROOT_CLASS = YES_ERROR;
				CLANG_WARN_QUOTED_INCLUDE_IN_FRAMEWORK_HEADER = YES;
				CLANG_WARN_RANGE_LOOP_ANALYSIS = YES;
				CLANG_WARN_STRICT_PROTOTYPES = YES;
				CLANG_WARN_SUSPICIOUS_MOVE = YES;
				CLANG_WARN_UNGUARDED_AVAILABILITY = YES_AGGRESSIVE;
				CLANG_WARN_UNREACHABLE_CODE = YES;
				CLANG_WARN__DUPLICATE_METHOD_MATCH = YES;
				COPY_PHASE_STRIP = NO;
				DEBUG_INFORMATION_FORMAT = dwarf;
				ENABLE_STRICT_OBJC_MSGSEND = YES;
				ENABLE_TESTABILITY = YES;
				GCC_C_LANGUAGE_STANDARD = gnu11;
				GCC_DYNAMIC_NO_PIC = NO;
				GCC_NO_COMMON_BLOCKS = YES;
				GCC_OPTIMIZATION_LEVEL = 0;
				GCC_PREPROCESSOR_DEFINITIONS = (
					"DEBUG=1",
					"$(inherited)",
				);
				GCC_WARN_64_TO_32_BIT_CONVERSION = YES;
				GCC_WARN_ABOUT_RETURN_TYPE = YES_ERROR;
				GCC_WARN_UNDECLARED_SELECTOR = YES;
				GCC_WARN_UNINITIALIZED_AUTOS = YES_AGGRESSIVE;
				GCC_WARN_UNUSED_FUNCTION = YES;
				GCC_WARN_UNUSED_VARIABLE = YES;
				IPHONEOS_DEPLOYMENT_TARGET = 16.0;
				MTL_ENABLE_DEBUG_INFO = INCLUDE_SOURCE;
				MTL_FAST_MATH = YES;
				ONLY_ACTIVE_ARCH = YES;
				SDKROOT = iphoneos;
				SWIFT_ACTIVE_COMPILATION_CONDITIONS = DEBUG;
				SWIFT_OPTIMIZATION_LEVEL = "-Onone";
			};
			name = Debug;
		};
		0929B7D92ABC4A0000D5CFB4 /* Release */ = {
			isa = XCBuildConfiguration;
			buildSettings = {
				ALWAYS_SEARCH_USER_PATHS = NO;
				CLANG_ANALYZER_NONNULL = YES;
				CLANG_ANALYZER_NUMBER_OBJECT_CONVERSION = YES_AGGRESSIVE;
				CLANG_CXX_LANGUAGE_STANDARD = "gnu++20";
				CLANG_ENABLE_MODULES = YES;
				CLANG_ENABLE_OBJC_ARC = YES;
				CLANG_ENABLE_OBJC_WEAK = YES;
				CLANG_WARN_BLOCK_CAPTURE_AUTORELEASING = YES;
				CLANG_WARN_BOOL_CONVERSION = YES;
				CLANG_WARN_COMMA = YES;
				CLANG_WARN_CONSTANT_CONVERSION = YES;
				CLANG_WARN_DEPRECATED_OBJC_IMPLEMENTATIONS = YES;
				CLANG_WARN_DIRECT_OBJC_ISA_USAGE = YES_ERROR;
				CLANG_WARN_DOCUMENTATION_COMMENTS = YES;
				CLANG_WARN_EMPTY_BODY = YES;
				CLANG_WARN_ENUM_CONVERSION = YES;
				CLANG_WARN_INFINITE_RECURSION = YES;
				CLANG_WARN_INT_CONVERSION = YES;
				CLANG_WARN_NON_LITERAL_NULL_CONVERSION = YES;
				CLANG_WARN_OBJC_IMPLICIT_RETAIN_SELF = YES;
				CLANG_WARN_OBJC_LITERAL_CONVERSION = YES;
				CLANG_WARN_OBJC_ROOT_CLASS = YES_ERROR;
				CLANG_WARN_QUOTED_INCLUDE_IN_FRAMEWORK_HEADER = YES;
				CLANG_WARN_RANGE_LOOP_ANALYSIS = YES;
				CLANG_WARN_STRICT_PROTOTYPES = YES;
				CLANG_WARN_SUSPICIOUS_MOVE = YES;
				CLANG_WARN_UNGUARDED_AVAILABILITY = YES_AGGRESSIVE;
				CLANG_WARN_UNREACHABLE_CODE = YES;
				CLANG_WARN__DUPLICATE_METHOD_MATCH = YES;
				COPY_PHASE_STRIP = NO;
				DEBUG_INFORMATION_FORMAT = "dwarf-with-dsym";
				ENABLE_NS_ASSERTIONS = NO;
				ENABLE_STRICT_OBJC_MSGSEND = YES;
				GCC_C_LANGUAGE_STANDARD = gnu11;
				GCC_NO_COMMON_BLOCKS = YES;
				GCC_WARN_64_TO_32_BIT_CONVERSION = YES;
				GCC_WARN_ABOUT_RETURN_TYPE = YES_ERROR;
				GCC_WARN_UNDECLARED_SELECTOR = YES;
				GCC_WARN_UNINITIALIZED_AUTOS = YES_AGGRESSIVE;
				GCC_WARN_UNUSED_FUNCTION = YES;
				GCC_WARN_UNUSED_VARIABLE = YES;
				IPHONEOS_DEPLOYMENT_TARGET = 16.0;
				MTL_ENABLE_DEBUG_INFO = NO;
				MTL_FAST_MATH = YES;
				SDKROOT = iphoneos;
				SWIFT_COMPILATION_MODE = wholemodule;
				SWIFT_OPTIMIZATION_LEVEL = "-O";
				VALIDATE_PRODUCT = YES;
			};
			name = Release;
		};
		0929B7DB2ABC4A0000D5CFB4 /* Debug */ = {
			isa = XCBuildConfiguration;
			buildSettings = {
				ASSETCATALOG_COMPILER_APPICON_NAME = AppIcon;
				ASSETCATALOG_COMPILER_GLOBAL_ACCENT_COLOR_NAME = AccentColor;
				CODE_SIGN_STYLE = Automatic;
				CURRENT_PROJECT_VERSION = 1;
				DEVELOPMENT_TEAM = F72FD6J9GL;
				GENERATE_INFOPLIST_FILE = YES;
				INFOPLIST_FILE = Quotes/Resources/Info.plist;
				INFOPLIST_KEY_UIApplicationSupportsIndirectInputEvents = YES;
				INFOPLIST_KEY_UILaunchStoryboardName = LaunchScreen;
				INFOPLIST_KEY_UIMainStoryboardFile = Main;
				INFOPLIST_KEY_UISupportedInterfaceOrientations_iPad = "UIInterfaceOrientationPortrait UIInterfaceOrientationPortraitUpsideDown UIInterfaceOrientationLandscapeLeft UIInterfaceOrientationLandscapeRight";
				INFOPLIST_KEY_UISupportedInterfaceOrientations_iPhone = "UIInterfaceOrientationPortrait UIInterfaceOrientationLandscapeLeft UIInterfaceOrientationLandscapeRight";
				IPHONEOS_DEPLOYMENT_TARGET = 16.0;
				LD_RUNPATH_SEARCH_PATHS = (
					"$(inherited)",
					"@executable_path/Frameworks",
				);
				MARKETING_VERSION = 1.0;
				PRODUCT_BUNDLE_IDENTIFIER = com.krostal.Quotes;
				PRODUCT_NAME = "$(TARGET_NAME)";
				SWIFT_EMIT_LOC_STRINGS = YES;
				SWIFT_VERSION = 5.0;
				TARGETED_DEVICE_FAMILY = "1,2";
			};
			name = Debug;
		};
		0929B7DC2ABC4A0000D5CFB4 /* Release */ = {
			isa = XCBuildConfiguration;
			buildSettings = {
				ASSETCATALOG_COMPILER_APPICON_NAME = AppIcon;
				ASSETCATALOG_COMPILER_GLOBAL_ACCENT_COLOR_NAME = AccentColor;
				CODE_SIGN_STYLE = Automatic;
				CURRENT_PROJECT_VERSION = 1;
				DEVELOPMENT_TEAM = F72FD6J9GL;
				GENERATE_INFOPLIST_FILE = YES;
				INFOPLIST_FILE = Quotes/Resources/Info.plist;
				INFOPLIST_KEY_UIApplicationSupportsIndirectInputEvents = YES;
				INFOPLIST_KEY_UILaunchStoryboardName = LaunchScreen;
				INFOPLIST_KEY_UIMainStoryboardFile = Main;
				INFOPLIST_KEY_UISupportedInterfaceOrientations_iPad = "UIInterfaceOrientationPortrait UIInterfaceOrientationPortraitUpsideDown UIInterfaceOrientationLandscapeLeft UIInterfaceOrientationLandscapeRight";
				INFOPLIST_KEY_UISupportedInterfaceOrientations_iPhone = "UIInterfaceOrientationPortrait UIInterfaceOrientationLandscapeLeft UIInterfaceOrientationLandscapeRight";
				IPHONEOS_DEPLOYMENT_TARGET = 16.0;
				LD_RUNPATH_SEARCH_PATHS = (
					"$(inherited)",
					"@executable_path/Frameworks",
				);
				MARKETING_VERSION = 1.0;
				PRODUCT_BUNDLE_IDENTIFIER = com.krostal.Quotes;
				PRODUCT_NAME = "$(TARGET_NAME)";
				SWIFT_EMIT_LOC_STRINGS = YES;
				SWIFT_VERSION = 5.0;
				TARGETED_DEVICE_FAMILY = "1,2";
			};
			name = Release;
		};
/* End XCBuildConfiguration section */

/* Begin XCConfigurationList section */
		0929B7C12ABC49FF00D5CFB4 /* Build configuration list for PBXProject "Quotes" */ = {
			isa = XCConfigurationList;
			buildConfigurations = (
				0929B7D82ABC4A0000D5CFB4 /* Debug */,
				0929B7D92ABC4A0000D5CFB4 /* Release */,
			);
			defaultConfigurationIsVisible = 0;
			defaultConfigurationName = Release;
		};
		0929B7DA2ABC4A0000D5CFB4 /* Build configuration list for PBXNativeTarget "Quotes" */ = {
			isa = XCConfigurationList;
			buildConfigurations = (
				0929B7DB2ABC4A0000D5CFB4 /* Debug */,
				0929B7DC2ABC4A0000D5CFB4 /* Release */,
			);
			defaultConfigurationIsVisible = 0;
			defaultConfigurationName = Release;
		};
/* End XCConfigurationList section */
	};
	rootObject = 0929B7BE2ABC49FF00D5CFB4 /* Project object */;
}
